
Microsoft Visual Studio Solution File, Format Version 12.00
# Visual Studio Version 17
VisualStudioVersion = 17.13.35919.96
MinimumVisualStudioVersion = 10.0.40219.1
Project("{FAE04EC0-301F-11D3-BF4B-00C04F79EFBC}") = "XeryonApp", "XeryonApp\XeryonApp.csproj", "{012FE3A3-ABBB-4B06-9367-83422A0E312B}"
EndProject
Global
	GlobalSection(SolutionConfigurationPlatforms) = preSolution
		Debug|Any CPU = Debug|Any CPU
		Release|Any CPU = Release|Any CPU
	EndGlobalSection
	GlobalSection(ProjectConfigurationPlatforms) = postSolution
		{012FE3A3-ABBB-4B06-9367-83422A0E312B}.Debug|Any CPU.ActiveCfg = Debug|Any CPU
		{012FE3A3-ABBB-4B06-9367-83422A0E312B}.Debug|Any CPU.Build.0 = Debug|Any CPU
		{012FE3A3-ABBB-4B06-9367-83422A0E312B}.Release|Any CPU.ActiveCfg = Release|Any CPU
		{012FE3A3-ABBB-4B06-9367-83422A0E312B}.Release|Any CPU.Build.0 = Release|Any CPU
	EndGlobalSection
	GlobalSection(SolutionProperties) = preSolution
		HideSolutionNode = FALSE
	EndGlobalSection
	GlobalSection(ExtensibilityGlobals) = postSolution
		SolutionGuid = {91E894BF-B022-4983-A708-9C658A69C8AA}
	EndGlobalSection
EndGlobal
